
Microsoft Visual Studio Solution File, Format Version 12.00
# Visual Studio Version 16
VisualStudioVersion = 16.0.31313.79
MinimumVisualStudioVersion = 10.0.40219.1
Project("{FAE04EC0-301F-11D3-BF4B-00C04F79EFBC}") = "Webtest410716217", "Webtest410716217\Webtest410716217.csproj", "{9681A050-E722-4972-B52C-394AEC325C67}"
EndProject
Global
	GlobalSection(SolutionConfigurationPlatforms) = preSolution
		Debug|Any CPU = Debug|Any CPU
		Release|Any CPU = Release|Any CPU
	EndGlobalSection
	GlobalSection(ProjectConfigurationPlatforms) = postSolution
		{9681A050-E722-4972-B52C-394AEC325C67}.Debug|Any CPU.ActiveCfg = Debug|Any CPU
		{9681A050-E722-4972-B52C-394AEC325C67}.Debug|Any CPU.Build.0 = Debug|Any CPU
		{9681A050-E722-4972-B52C-394AEC325C67}.Release|Any CPU.ActiveCfg = Release|Any CPU
		{9681A050-E722-4972-B52C-394AEC325C67}.Release|Any CPU.Build.0 = Release|Any CPU
	EndGlobalSection
	GlobalSection(SolutionProperties) = preSolution
		HideSolutionNode = FALSE
	EndGlobalSection
	GlobalSection(ExtensibilityGlobals) = postSolution
		SolutionGuid = {0AEFE9BC-8EC0-432F-8988-4E0B8E931133}
	EndGlobalSection
EndGlobal
